
Microsoft Visual Studio Solution File, Format Version 12.00
# Visual Studio Version 17
VisualStudioVersion = 17.14.36203.30
MinimumVisualStudioVersion = 10.0.40219.1
Project("{2150E333-8FDC-42A3-9474-1A3956D46DE8}") = "解决方案项", "解决方案项", "{FCE85972-C601-3E31-0F23-6F886044FA5A}"
	ProjectSection(SolutionItems) = preProject
		.dockerignore = .dockerignore
		.editorconfig = .editorconfig
		.gitattributes = .gitattributes
		.gitignore = .gitignore
		global.json = global.json
		LICENSE = LICENSE
		NuGet.config = NuGet.config
		.github\workflows\publish-beta.yml = .github\workflows\publish-beta.yml
		.github\workflows\publish.yml = .github\workflows\publish.yml
		Readme.MD = Readme.MD
	EndProjectSection
EndProject
Project("{FAE04EC0-301F-11D3-BF4B-00C04F79EFBC}") = "Pek.ApiDoc", "Pek.ApiDoc\Pek.ApiDoc.csproj", "{0B5B6CDC-408B-413B-A14C-E59612F0AB61}"
EndProject
Project("{2150E333-8FDC-42A3-9474-1A3956D46DE8}") = "Samples", "Samples", "{5D20AA90-6969-D8BD-9DCD-8634F4692FDA}"
EndProject
Project("{FAE04EC0-301F-11D3-BF4B-00C04F79EFBC}") = "ApiDocDemo", "ApiDocDemo\ApiDocDemo.csproj", "{F4EE279F-0F3C-4A6C-AE58-BC12877B2334}"
EndProject
Global
	GlobalSection(SolutionConfigurationPlatforms) = preSolution
		Debug|Any CPU = Debug|Any CPU
		Release|Any CPU = Release|Any CPU
	EndGlobalSection
	GlobalSection(ProjectConfigurationPlatforms) = postSolution
		{0B5B6CDC-408B-413B-A14C-E59612F0AB61}.Debug|Any CPU.ActiveCfg = Debug|Any CPU
		{0B5B6CDC-408B-413B-A14C-E59612F0AB61}.Debug|Any CPU.Build.0 = Debug|Any CPU
		{0B5B6CDC-408B-413B-A14C-E59612F0AB61}.Release|Any CPU.ActiveCfg = Release|Any CPU
		{0B5B6CDC-408B-413B-A14C-E59612F0AB61}.Release|Any CPU.Build.0 = Release|Any CPU
		{F4EE279F-0F3C-4A6C-AE58-BC12877B2334}.Debug|Any CPU.ActiveCfg = Debug|Any CPU
		{F4EE279F-0F3C-4A6C-AE58-BC12877B2334}.Debug|Any CPU.Build.0 = Debug|Any CPU
		{F4EE279F-0F3C-4A6C-AE58-BC12877B2334}.Release|Any CPU.ActiveCfg = Release|Any CPU
		{F4EE279F-0F3C-4A6C-AE58-BC12877B2334}.Release|Any CPU.Build.0 = Release|Any CPU
	EndGlobalSection
	GlobalSection(SolutionProperties) = preSolution
		HideSolutionNode = FALSE
	EndGlobalSection
	GlobalSection(NestedProjects) = preSolution
		{F4EE279F-0F3C-4A6C-AE58-BC12877B2334} = {5D20AA90-6969-D8BD-9DCD-8634F4692FDA}
	EndGlobalSection
	GlobalSection(ExtensibilityGlobals) = postSolution
		SolutionGuid = {90520E80-AFFA-4890-9074-3099E55128B9}
	EndGlobalSection
EndGlobal
